// !$*UTF8*$!
{
	archiveVersion = 1;
	classes = {
	};
	objectVersion = 56;
	objects = {

/* Begin PBXBuildFile section */
		DE19B6C92B794457003C2096 /* chatgpt_webviewApp.swift in Sources */ = {isa = PBXBuildFile; fileRef = DE19B6C82B794457003C2096 /* chatgpt_webviewApp.swift */; };
		DE19B6CB2B794457003C2096 /* ContentView.swift in Sources */ = {isa = PBXBuildFile; fileRef = DE19B6CA2B794457003C2096 /* ContentView.swift */; };
		DE19B6CD2B794458003C2096 /* Assets.xcassets in Resources */ = {isa = PBXBuildFile; fileRef = DE19B6CC2B794458003C2096 /* Assets.xcassets */; };
		DE19B6D12B794458003C2096 /* Preview Assets.xcassets in Resources */ = {isa = PBXBuildFile; fileRef = DE19B6D02B794458003C2096 /* Preview Assets.xcassets */; };
		DE19B6DB2B794458003C2096 /* chatgpt_webviewTests.swift in Sources */ = {isa = PBXBuildFile; fileRef = DE19B6DA2B794458003C2096 /* chatgpt_webviewTests.swift */; };
		DE19B6E52B794458003C2096 /* chatgpt_webviewUITests.swift in Sources */ = {isa = PBXBuildFile; fileRef = DE19B6E42B794458003C2096 /* chatgpt_webviewUITests.swift */; };
		DE19B6E72B794458003C2096 /* chatgpt_webviewUITestsLaunchTests.swift in Sources */ = {isa = PBXBuildFile; fileRef = DE19B6E62B794458003C2096 /* chatgpt_webviewUITestsLaunchTests.swift */; };
		DE19B6F42B7945E8003C2096 /* WebView.swift in Sources */ = {isa = PBXBuildFile; fileRef = DE19B6F32B7945E8003C2096 /* WebView.swift */; };
/* End PBXBuildFile section */

/* Begin PBXContainerItemProxy section */
		DE19B6D72B794458003C2096 /* PBXContainerItemProxy */ = {
			isa = PBXContainerItemProxy;
			containerPortal = DE19B6BD2B794457003C2096 /* Project object */;
			proxyType = 1;
			remoteGlobalIDString = DE19B6C42B794457003C2096;
			remoteInfo = "chatgpt-webview";
		};
		DE19B6E12B794458003C2096 /* PBXContainerItemProxy */ = {
			isa = PBXContainerItemProxy;
			containerPortal = DE19B6BD2B794457003C2096 /* Project object */;
			proxyType = 1;
			remoteGlobalIDString = DE19B6C42B794457003C2096;
			remoteInfo = "chatgpt-webview";
		};
/* End PBXContainerItemProxy section */

/* Begin PBXFileReference section */
		DE19B6C52B794457003C2096 /* chatgpt-webview.app */ = {isa = PBXFileReference; explicitFileType = wrapper.application; includeInIndex = 0; path = "chatgpt-webview.app"; sourceTree = BUILT_PRODUCTS_DIR; };
		DE19B6C82B794457003C2096 /* chatgpt_webviewApp.swift */ = {isa = PBXFileReference; lastKnownFileType = sourcecode.swift; path = chatgpt_webviewApp.swift; sourceTree = "<group>"; };
		DE19B6CA2B794457003C2096 /* ContentView.swift */ = {isa = PBXFileReference; lastKnownFileType = sourcecode.swift; path = ContentView.swift; sourceTree = "<group>"; };
		DE19B6CC2B794458003C2096 /* Assets.xcassets */ = {isa = PBXFileReference; lastKnownFileType = folder.assetcatalog; path = Assets.xcassets; sourceTree = "<group>"; };
		DE19B6CE2B794458003C2096 /* chatgpt_webview.entitlements */ = {isa = PBXFileReference; lastKnownFileType = text.plist.entitlements; path = chatgpt_webview.entitlements; sourceTree = "<group>"; };
		DE19B6D02B794458003C2096 /* Preview Assets.xcassets */ = {isa = PBXFileReference; lastKnownFileType = folder.assetcatalog; path = "Preview Assets.xcassets"; sourceTree = "<group>"; };
		DE19B6D62B794458003C2096 /* chatgpt-webviewTests.xctest */ = {isa = PBXFileReference; explicitFileType = wrapper.cfbundle; includeInIndex = 0; path = "chatgpt-webviewTests.xctest"; sourceTree = BUILT_PRODUCTS_DIR; };
		DE19B6DA2B794458003C2096 /* chatgpt_webviewTests.swift */ = {isa = PBXFileReference; lastKnownFileType = sourcecode.swift; path = chatgpt_webviewTests.swift; sourceTree = "<group>"; };
		DE19B6E02B794458003C2096 /* chatgpt-webviewUITests.xctest */ = {isa = PBXFileReference; explicitFileType = wrapper.cfbundle; includeInIndex = 0; path = "chatgpt-webviewUITests.xctest"; sourceTree = BUILT_PRODUCTS_DIR; };
		DE19B6E42B794458003C2096 /* chatgpt_webviewUITests.swift */ = {isa = PBXFileReference; lastKnownFileType = sourcecode.swift; path = chatgpt_webviewUITests.swift; sourceTree = "<group>"; };
		DE19B6E62B794458003C2096 /* chatgpt_webviewUITestsLaunchTests.swift */ = {isa = PBXFileReference; lastKnownFileType = sourcecode.swift; path = chatgpt_webviewUITestsLaunchTests.swift; sourceTree = "<group>"; };
		DE19B6F32B7945E8003C2096 /* WebView.swift */ = {isa = PBXFileReference; lastKnownFileType = sourcecode.swift; path = WebView.swift; sourceTree = "<group>"; };
/* End PBXFileReference section */

/* Begin PBXFrameworksBuildPhase section */
		DE19B6C22B794457003C2096 /* Frameworks */ = {
			isa = PBXFrameworksBuildPhase;
			buildActionMask = 2147483647;
			files = (
			);
			runOnlyForDeploymentPostprocessing = 0;
		};
		DE19B6D32B794458003C2096 /* Frameworks */ = {
			isa = PBXFrameworksBuildPhase;
			buildActionMask = 2147483647;
			files = (
			);
			runOnlyForDeploymentPostprocessing = 0;
		};
		DE19B6DD2B794458003C2096 /* Frameworks */ = {
			isa = PBXFrameworksBuildPhase;
			buildActionMask = 2147483647;
			files = (
			);
			runOnlyForDeploymentPostprocessing = 0;
		};
/* End PBXFrameworksBuildPhase section */

/* Begin PBXGroup section */
		DE19B6BC2B794457003C2096 = {
			isa = PBXGroup;
			children = (
				DE19B6C72B794457003C2096 /* chatgpt-webview */,
				DE19B6D92B794458003C2096 /* chatgpt-webviewTests */,
				DE19B6E32B794458003C2096 /* chatgpt-webviewUITests */,
				DE19B6C62B794457003C2096 /* Products */,
			);
			sourceTree = "<group>";
		};
		DE19B6C62B794457003C2096 /* Products */ = {
			isa = PBXGroup;
			children = (
				DE19B6C52B794457003C2096 /* chatgpt-webview.app */,
				DE19B6D62B794458003C2096 /* chatgpt-webviewTests.xctest */,
				DE19B6E02B794458003C2096 /* chatgpt-webviewUITests.xctest */,
			);
			name = Products;
			sourceTree = "<group>";
		};
		DE19B6C72B794457003C2096 /* chatgpt-webview */ = {
			isa = PBXGroup;
			children = (
				DE19B6C82B794457003C2096 /* chatgpt_webviewApp.swift */,
				DE19B6CA2B794457003C2096 /* ContentView.swift */,
				DE19B6CC2B794458003C2096 /* Assets.xcassets */,
				DE19B6CE2B794458003C2096 /* chatgpt_webview.entitlements */,
				DE19B6CF2B794458003C2096 /* Preview Content */,
				DE19B6F32B7945E8003C2096 /* WebView.swift */,
			);
			path = "chatgpt-webview";
			sourceTree = "<group>";
		};
		DE19B6CF2B794458003C2096 /* Preview Content */ = {
			isa = PBXGroup;
			children = (
				DE19B6D02B794458003C2096 /* Preview Assets.xcassets */,
			);
			path = "Preview Content";
			sourceTree = "<group>";
		};
		DE19B6D92B794458003C2096 /* chatgpt-webviewTests */ = {
			isa = PBXGroup;
			children = (
				DE19B6DA2B794458003C2096 /* chatgpt_webviewTests.swift */,
			);
			path = "chatgpt-webviewTests";
			sourceTree = "<group>";
		};
		DE19B6E32B794458003C2096 /* chatgpt-webviewUITests */ = {
			isa = PBXGroup;
			children = (
				DE19B6E42B794458003C2096 /* chatgpt_webviewUITests.swift */,
				DE19B6E62B794458003C2096 /* chatgpt_webviewUITestsLaunchTests.swift */,
			);
			path = "chatgpt-webviewUITests";
			sourceTree = "<group>";
		};
/* End PBXGroup section */

/* Begin PBXNativeTarget section */
		DE19B6C42B794457003C2096 /* chatgpt-webview */ = {
			isa = PBXNativeTarget;
			buildConfigurationList = DE19B6EA2B794458003C2096 /* Build configuration list for PBXNativeTarget "chatgpt-webview" */;
			buildPhases = (
				DE19B6C12B794457003C2096 /* Sources */,
				DE19B6C22B794457003C2096 /* Frameworks */,
				DE19B6C32B794457003C2096 /* Resources */,
			);
			buildRules = (
			);
			dependencies = (
			);
			name = "chatgpt-webview";
			productName = "chatgpt-webview";
			productReference = DE19B6C52B794457003C2096 /* chatgpt-webview.app */;
			productType = "com.apple.product-type.application";
		};
		DE19B6D52B794458003C2096 /* chatgpt-webviewTests */ = {
			isa = PBXNativeTarget;
			buildConfigurationList = DE19B6ED2B794458003C2096 /* Build configuration list for PBXNativeTarget "chatgpt-webviewTests" */;
			buildPhases = (
				DE19B6D22B794458003C2096 /* Sources */,
				DE19B6D32B794458003C2096 /* Frameworks */,
				DE19B6D42B794458003C2096 /* Resources */,
			);
			buildRules = (
			);
			dependencies = (
				DE19B6D82B794458003C2096 /* PBXTargetDependency */,
			);
			name = "chatgpt-webviewTests";
			productName = "chatgpt-webviewTests";
			productReference = DE19B6D62B794458003C2096 /* chatgpt-webviewTests.xctest */;
			productType = "com.apple.product-type.bundle.unit-test";
		};
		DE19B6DF2B794458003C2096 /* chatgpt-webviewUITests */ = {
			isa = PBXNativeTarget;
			buildConfigurationList = DE19B6F02B794458003C2096 /* Build configuration list for PBXNativeTarget "chatgpt-webviewUITests" */;
			buildPhases = (
				DE19B6DC2B794458003C2096 /* Sources */,
				DE19B6DD2B794458003C2096 /* Frameworks */,
				DE19B6DE2B794458003C2096 /* Resources */,
			);
			buildRules = (
			);
			dependencies = (
				DE19B6E22B794458003C2096 /* PBXTargetDependency */,
			);
			name = "chatgpt-webviewUITests";
			productName = "chatgpt-webviewUITests";
			productReference = DE19B6E02B794458003C2096 /* chatgpt-webviewUITests.xctest */;
			productType = "com.apple.product-type.bundle.ui-testing";
		};
/* End PBXNativeTarget section */

/* Begin PBXProject section */
		DE19B6BD2B794457003C2096 /* Project object */ = {
			isa = PBXProject;
			attributes = {
				BuildIndependentTargetsInParallel = 1;
				LastSwiftUpdateCheck = 1520;
				LastUpgradeCheck = 1520;
				TargetAttributes = {
					DE19B6C42B794457003C2096 = {
						CreatedOnToolsVersion = 15.2;
					};
					DE19B6D52B794458003C2096 = {
						CreatedOnToolsVersion = 15.2;
						TestTargetID = DE19B6C42B794457003C2096;
					};
					DE19B6DF2B794458003C2096 = {
						CreatedOnToolsVersion = 15.2;
						TestTargetID = DE19B6C42B794457003C2096;
					};
				};
			};
			buildConfigurationList = DE19B6C02B794457003C2096 /* Build configuration list for PBXProject "chatgpt-webview" */;
			compatibilityVersion = "Xcode 14.0";
			developmentRegion = en;
			hasScannedForEncodings = 0;
			knownRegions = (
				en,
				Base,
			);
			mainGroup = DE19B6BC2B794457003C2096;
			productRefGroup = DE19B6C62B794457003C2096 /* Products */;
			projectDirPath = "";
			projectRoot = "";
			targets = (
				DE19B6C42B794457003C2096 /* chatgpt-webview */,
				DE19B6D52B794458003C2096 /* chatgpt-webviewTests */,
				DE19B6DF2B794458003C2096 /* chatgpt-webviewUITests */,
			);
		};
/* End PBXProject section */

/* Begin PBXResourcesBuildPhase section */
		DE19B6C32B794457003C2096 /* Resources */ = {
			isa = PBXResourcesBuildPhase;
			buildActionMask = 2147483647;
			files = (
				DE19B6D12B794458003C2096 /* Preview Assets.xcassets in Resources */,
				DE19B6CD2B794458003C2096 /* Assets.xcassets in Resources */,
			);
			runOnlyForDeploymentPostprocessing = 0;
		};
		DE19B6D42B794458003C2096 /* Resources */ = {
			isa = PBXResourcesBuildPhase;
			buildActionMask = 2147483647;
			files = (
			);
			runOnlyForDeploymentPostprocessing = 0;
		};
		DE19B6DE2B794458003C2096 /* Resources */ = {
			isa = PBXResourcesBuildPhase;
			buildActionMask = 2147483647;
			files = (
			);
			runOnlyForDeploymentPostprocessing = 0;
		};
/* End PBXResourcesBuildPhase section */

/* Begin PBXSourcesBuildPhase section */
		DE19B6C12B794457003C2096 /* Sources */ = {
			isa = PBXSourcesBuildPhase;
			buildActionMask = 2147483647;
			files = (
				DE19B6F42B7945E8003C2096 /* WebView.swift in Sources */,
				DE19B6CB2B794457003C2096 /* ContentView.swift in Sources */,
				DE19B6C92B794457003C2096 /* chatgpt_webviewApp.swift in Sources */,
			);
			runOnlyForDeploymentPostprocessing = 0;
		};
		DE19B6D22B794458003C2096 /* Sources */ = {
			isa = PBXSourcesBuildPhase;
			buildActionMask = 2147483647;
			files = (
				DE19B6DB2B794458003C2096 /* chatgpt_webviewTests.swift in Sources */,
			);
			runOnlyForDeploymentPostprocessing = 0;
		};
		DE19B6DC2B794458003C2096 /* Sources */ = {
			isa = PBXSourcesBuildPhase;
			buildActionMask = 2147483647;
			files = (
				DE19B6E72B794458003C2096 /* chatgpt_webviewUITestsLaunchTests.swift in Sources */,
				DE19B6E52B794458003C2096 /* chatgpt_webviewUITests.swift in Sources */,
			);
			runOnlyForDeploymentPostprocessing = 0;
		};
/* End PBXSourcesBuildPhase section */

/* Begin PBXTargetDependency section */
		DE19B6D82B794458003C2096 /* PBXTargetDependency */ = {
			isa = PBXTargetDependency;
			target = DE19B6C42B794457003C2096 /* chatgpt-webview */;
			targetProxy = DE19B6D72B794458003C2096 /* PBXContainerItemProxy */;
		};
		DE19B6E22B794458003C2096 /* PBXTargetDependency */ = {
			isa = PBXTargetDependency;
			target = DE19B6C42B794457003C2096 /* chatgpt-webview */;
			targetProxy = DE19B6E12B794458003C2096 /* PBXContainerItemProxy */;
		};
/* End PBXTargetDependency section */

/* Begin XCBuildConfiguration section */
		DE19B6E82B794458003C2096 /* Debug */ = {
			isa = XCBuildConfiguration;
			buildSettings = {
				ALWAYS_SEARCH_USER_PATHS = NO;
				ASSETCATALOG_COMPILER_GENERATE_SWIFT_ASSET_SYMBOL_EXTENSIONS = YES;
				CLANG_ANALYZER_NONNULL = YES;
				CLANG_ANALYZER_NUMBER_OBJECT_CONVERSION = YES_AGGRESSIVE;
				CLANG_CXX_LANGUAGE_STANDARD = "gnu++20";
				CLANG_ENABLE_MODULES = YES;
				CLANG_ENABLE_OBJC_ARC = YES;
				CLANG_ENABLE_OBJC_WEAK = YES;
				CLANG_WARN_BLOCK_CAPTURE_AUTORELEASING = YES;
				CLANG_WARN_BOOL_CONVERSION = YES;
				CLANG_WARN_COMMA = YES;
				CLANG_WARN_CONSTANT_CONVERSION = YES;
				CLANG_WARN_DEPRECATED_OBJC_IMPLEMENTATIONS = YES;
				CLANG_WARN_DIRECT_OBJC_ISA_USAGE = YES_ERROR;
				CLANG_WARN_DOCUMENTATION_COMMENTS = YES;
				CLANG_WARN_EMPTY_BODY = YES;
				CLANG_WARN_ENUM_CONVERSION = YES;
				CLANG_WARN_INFINITE_RECURSION = YES;
				CLANG_WARN_INT_CONVERSION = YES;
				CLANG_WARN_NON_LITERAL_NULL_CONVERSION = YES;
				CLANG_WARN_OBJC_IMPLICIT_RETAIN_SELF = YES;
				CLANG_WARN_OBJC_LITERAL_CONVERSION = YES;
				CLANG_WARN_OBJC_ROOT_CLASS = YES_ERROR;
				CLANG_WARN_QUOTED_INCLUDE_IN_FRAMEWORK_HEADER = YES;
				CLANG_WARN_RANGE_LOOP_ANALYSIS = YES;
				CLANG_WARN_STRICT_PROTOTYPES = YES;
				CLANG_WARN_SUSPICIOUS_MOVE = YES;
				CLANG_WARN_UNGUARDED_AVAILABILITY = YES_AGGRESSIVE;
				CLANG_WARN_UNREACHABLE_CODE = YES;
				CLANG_WARN__DUPLICATE_METHOD_MATCH = YES;
				COPY_PHASE_STRIP = NO;
				DEBUG_INFORMATION_FORMAT = dwarf;
				ENABLE_STRICT_OBJC_MSGSEND = YES;
				ENABLE_TESTABILITY = YES;
				ENABLE_USER_SCRIPT_SANDBOXING = YES;
				GCC_C_LANGUAGE_STANDARD = gnu17;
				GCC_DYNAMIC_NO_PIC = NO;
				GCC_NO_COMMON_BLOCKS = YES;
				GCC_OPTIMIZATION_LEVEL = 0;
				GCC_PREPROCESSOR_DEFINITIONS = (
					"DEBUG=1",
					"$(inherited)",
				);
				GCC_WARN_64_TO_32_BIT_CONVERSION = YES;
				GCC_WARN_ABOUT_RETURN_TYPE = YES_ERROR;
				GCC_WARN_UNDECLARED_SELECTOR = YES;
				GCC_WARN_UNINITIALIZED_AUTOS = YES_AGGRESSIVE;
				GCC_WARN_UNUSED_FUNCTION = YES;
				GCC_WARN_UNUSED_VARIABLE = YES;
				LOCALIZATION_PREFERS_STRING_CATALOGS = YES;
				MTL_ENABLE_DEBUG_INFO = INCLUDE_SOURCE;
				MTL_FAST_MATH = YES;
				ONLY_ACTIVE_ARCH = YES;
				SWIFT_ACTIVE_COMPILATION_CONDITIONS = "DEBUG $(inherited)";
				SWIFT_OPTIMIZATION_LEVEL = "-Onone";
			};
			name = Debug;
		};
		DE19B6E92B794458003C2096 /* Release */ = {
			isa = XCBuildConfiguration;
			buildSettings = {
				ALWAYS_SEARCH_USER_PATHS = NO;
				ASSETCATALOG_COMPILER_GENERATE_SWIFT_ASSET_SYMBOL_EXTENSIONS = YES;
				CLANG_ANALYZER_NONNULL = YES;
				CLANG_ANALYZER_NUMBER_OBJECT_CONVERSION = YES_AGGRESSIVE;
				CLANG_CXX_LANGUAGE_STANDARD = "gnu++20";
				CLANG_ENABLE_MODULES = YES;
				CLANG_ENABLE_OBJC_ARC = YES;
				CLANG_ENABLE_OBJC_WEAK = YES;
				CLANG_WARN_BLOCK_CAPTURE_AUTORELEASING = YES;
				CLANG_WARN_BOOL_CONVERSION = YES;
				CLANG_WARN_COMMA = YES;
				CLANG_WARN_CONSTANT_CONVERSION = YES;
				CLANG_WARN_DEPRECATED_OBJC_IMPLEMENTATIONS = YES;
				CLANG_WARN_DIRECT_OBJC_ISA_USAGE = YES_ERROR;
				CLANG_WARN_DOCUMENTATION_COMMENTS = YES;
				CLANG_WARN_EMPTY_BODY = YES;
				CLANG_WARN_ENUM_CONVERSION = YES;
				CLANG_WARN_INFINITE_RECURSION = YES;
				CLANG_WARN_INT_CONVERSION = YES;
				CLANG_WARN_NON_LITERAL_NULL_CONVERSION = YES;
				CLANG_WARN_OBJC_IMPLICIT_RETAIN_SELF = YES;
				CLANG_WARN_OBJC_LITERAL_CONVERSION = YES;
				CLANG_WARN_OBJC_ROOT_CLASS = YES_ERROR;
				CLANG_WARN_QUOTED_INCLUDE_IN_FRAMEWORK_HEADER = YES;
				CLANG_WARN_RANGE_LOOP_ANALYSIS = YES;
				CLANG_WARN_STRICT_PROTOTYPES = YES;
				CLANG_WARN_SUSPICIOUS_MOVE = YES;
				CLANG_WARN_UNGUARDED_AVAILABILITY = YES_AGGRESSIVE;
				CLANG_WARN_UNREACHABLE_CODE = YES;
				CLANG_WARN__DUPLICATE_METHOD_MATCH = YES;
				COPY_PHASE_STRIP = NO;
				DEBUG_INFORMATION_FORMAT = "dwarf-with-dsym";
				ENABLE_NS_ASSERTIONS = NO;
				ENABLE_STRICT_OBJC_MSGSEND = YES;
				ENABLE_USER_SCRIPT_SANDBOXING = YES;
				GCC_C_LANGUAGE_STANDARD = gnu17;
				GCC_NO_COMMON_BLOCKS = YES;
				GCC_WARN_64_TO_32_BIT_CONVERSION = YES;
				GCC_WARN_ABOUT_RETURN_TYPE = YES_ERROR;
				GCC_WARN_UNDECLARED_SELECTOR = YES;
				GCC_WARN_UNINITIALIZED_AUTOS = YES_AGGRESSIVE;
				GCC_WARN_UNUSED_FUNCTION = YES;
				GCC_WARN_UNUSED_VARIABLE = YES;
				LOCALIZATION_PREFERS_STRING_CATALOGS = YES;
				MTL_ENABLE_DEBUG_INFO = NO;
				MTL_FAST_MATH = YES;
				SWIFT_COMPILATION_MODE = wholemodule;
			};
			name = Release;
		};
		DE19B6EB2B794458003C2096 /* Debug */ = {
			isa = XCBuildConfiguration;
			buildSettings = {
				ASSETCATALOG_COMPILER_APPICON_NAME = AppIcon;
				ASSETCATALOG_COMPILER_GLOBAL_ACCENT_COLOR_NAME = AccentColor;
				CODE_SIGN_ENTITLEMENTS = "chatgpt-webview/chatgpt_webview.entitlements";
				CODE_SIGN_STYLE = Automatic;
				CURRENT_PROJECT_VERSION = 1;
				DEVELOPMENT_ASSET_PATHS = "\"chatgpt-webview/Preview Content\"";
				DEVELOPMENT_TEAM = CUMX887ZR2;
				ENABLE_HARDENED_RUNTIME = YES;
				ENABLE_PREVIEWS = YES;
				GENERATE_INFOPLIST_FILE = YES;
				"INFOPLIST_KEY_UIApplicationSceneManifest_Generation[sdk=iphoneos*]" = YES;
				"INFOPLIST_KEY_UIApplicationSceneManifest_Generation[sdk=iphonesimulator*]" = YES;
				"INFOPLIST_KEY_UIApplicationSupportsIndirectInputEvents[sdk=iphoneos*]" = YES;
				"INFOPLIST_KEY_UIApplicationSupportsIndirectInputEvents[sdk=iphonesimulator*]" = YES;
				"INFOPLIST_KEY_UILaunchScreen_Generation[sdk=iphoneos*]" = YES;
				"INFOPLIST_KEY_UILaunchScreen_Generation[sdk=iphonesimulator*]" = YES;
				"INFOPLIST_KEY_UIStatusBarStyle[sdk=iphoneos*]" = UIStatusBarStyleDefault;
				"INFOPLIST_KEY_UIStatusBarStyle[sdk=iphonesimulator*]" = UIStatusBarStyleDefault;
				INFOPLIST_KEY_UISupportedInterfaceOrientations_iPad = "UIInterfaceOrientationPortrait UIInterfaceOrientationPortraitUpsideDown UIInterfaceOrientationLandscapeLeft UIInterfaceOrientationLandscapeRight";
				INFOPLIST_KEY_UISupportedInterfaceOrientations_iPhone = "UIInterfaceOrientationPortrait UIInterfaceOrientationLandscapeLeft UIInterfaceOrientationLandscapeRight";
				IPHONEOS_DEPLOYMENT_TARGET = 17.2;
				LD_RUNPATH_SEARCH_PATHS = "@executable_path/Frameworks";
				"LD_RUNPATH_SEARCH_PATHS[sdk=macosx*]" = "@executable_path/../Frameworks";
				MACOSX_DEPLOYMENT_TARGET = 14.2;
				MARKETING_VERSION = 1.0;
				PRODUCT_BUNDLE_IDENTIFIER = "laamile.chatgpt-webview";
				PRODUCT_NAME = "$(TARGET_NAME)";
				SDKROOT = auto;
				SUPPORTED_PLATFORMS = "iphoneos iphonesimulator macosx";
				SWIFT_EMIT_LOC_STRINGS = YES;
				SWIFT_VERSION = 5.0;
				TARGETED_DEVICE_FAMILY = "1,2";
			};
			name = Debug;
		};
		DE19B6EC2B794458003C2096 /* Release */ = {
			isa = XCBuildConfiguration;
			buildSettings = {
				ASSETCATALOG_COMPILER_APPICON_NAME = AppIcon;
				ASSETCATALOG_COMPILER_GLOBAL_ACCENT_COLOR_NAME = AccentColor;
				CODE_SIGN_ENTITLEMENTS = "chatgpt-webview/chatgpt_webview.entitlements";
				CODE_SIGN_STYLE = Automatic;
				CURRENT_PROJECT_VERSION = 1;
				DEVELOPMENT_ASSET_PATHS = "\"chatgpt-webview/Preview Content\"";
				DEVELOPMENT_TEAM = CUMX887ZR2;
				ENABLE_HARDENED_RUNTIME = YES;
				ENABLE_PREVIEWS = YES;
				GENERATE_INFOPLIST_FILE = YES;
				"INFOPLIST_KEY_UIApplicationSceneManifest_Generation[sdk=iphoneos*]" = YES;
				"INFOPLIST_KEY_UIApplicationSceneManifest_Generation[sdk=iphonesimulator*]" = YES;
				"INFOPLIST_KEY_UIApplicationSupportsIndirectInputEvents[sdk=iphoneos*]" = YES;
				"INFOPLIST_KEY_UIApplicationSupportsIndirectInputEvents[sdk=iphonesimulator*]" = YES;
				"INFOPLIST_KEY_UILaunchScreen_Generation[sdk=iphoneos*]" = YES;
				"INFOPLIST_KEY_UILaunchScreen_Generation[sdk=iphonesimulator*]" = YES;
				"INFOPLIST_KEY_UIStatusBarStyle[sdk=iphoneos*]" = UIStatusBarStyleDefault;
				"INFOPLIST_KEY_UIStatusBarStyle[sdk=iphonesimulator*]" = UIStatusBarStyleDefault;
				INFOPLIST_KEY_UISupportedInterfaceOrientations_iPad = "UIInterfaceOrientationPortrait UIInterfaceOrientationPortraitUpsideDown UIInterfaceOrientationLandscapeLeft UIInterfaceOrientationLandscapeRight";
				INFOPLIST_KEY_UISupportedInterfaceOrientations_iPhone = "UIInterfaceOrientationPortrait UIInterfaceOrientationLandscapeLeft UIInterfaceOrientationLandscapeRight";
				IPHONEOS_DEPLOYMENT_TARGET = 17.2;
				LD_RUNPATH_SEARCH_PATHS = "@executable_path/Frameworks";
				"LD_RUNPATH_SEARCH_PATHS[sdk=macosx*]" = "@executable_path/../Frameworks";
				MACOSX_DEPLOYMENT_TARGET = 14.2;
				MARKETING_VERSION = 1.0;
				PRODUCT_BUNDLE_IDENTIFIER = "laamile.chatgpt-webview";
				PRODUCT_NAME = "$(TARGET_NAME)";
				SDKROOT = auto;
				SUPPORTED_PLATFORMS = "iphoneos iphonesimulator macosx";
				SWIFT_EMIT_LOC_STRINGS = YES;
				SWIFT_VERSION = 5.0;
				TARGETED_DEVICE_FAMILY = "1,2";
			};
			name = Release;
		};
		DE19B6EE2B794458003C2096 /* Debug */ = {
			isa = XCBuildConfiguration;
			buildSettings = {
				ALWAYS_EMBED_SWIFT_STANDARD_LIBRARIES = YES;
				BUNDLE_LOADER = "$(TEST_HOST)";
				CODE_SIGN_STYLE = Automatic;
				CURRENT_PROJECT_VERSION = 1;
				DEVELOPMENT_TEAM = CUMX887ZR2;
				GENERATE_INFOPLIST_FILE = YES;
				IPHONEOS_DEPLOYMENT_TARGET = 17.2;
				MACOSX_DEPLOYMENT_TARGET = 14.2;
				MARKETING_VERSION = 1.0;
				PRODUCT_BUNDLE_IDENTIFIER = "laamile.chatgpt-webviewTests";
				PRODUCT_NAME = "$(TARGET_NAME)";
				SDKROOT = auto;
				SUPPORTED_PLATFORMS = "iphoneos iphonesimulator macosx";
				SWIFT_EMIT_LOC_STRINGS = NO;
				SWIFT_VERSION = 5.0;
				TARGETED_DEVICE_FAMILY = "1,2";
				TEST_HOST = "$(BUILT_PRODUCTS_DIR)/chatgpt-webview.app/$(BUNDLE_EXECUTABLE_FOLDER_PATH)/chatgpt-webview";
			};
			name = Debug;
		};
		DE19B6EF2B794458003C2096 /* Release */ = {
			isa = XCBuildConfiguration;
			buildSettings = {
				ALWAYS_EMBED_SWIFT_STANDARD_LIBRARIES = YES;
				BUNDLE_LOADER = "$(TEST_HOST)";
				CODE_SIGN_STYLE = Automatic;
				CURRENT_PROJECT_VERSION = 1;
				DEVELOPMENT_TEAM = CUMX887ZR2;
				GENERATE_INFOPLIST_FILE = YES;
				IPHONEOS_DEPLOYMENT_TARGET = 17.2;
				MACOSX_DEPLOYMENT_TARGET = 14.2;
				MARKETING_VERSION = 1.0;
				PRODUCT_BUNDLE_IDENTIFIER = "laamile.chatgpt-webviewTests";
				PRODUCT_NAME = "$(TARGET_NAME)";
				SDKROOT = auto;
				SUPPORTED_PLATFORMS = "iphoneos iphonesimulator macosx";
				SWIFT_EMIT_LOC_STRINGS = NO;
				SWIFT_VERSION = 5.0;
				TARGETED_DEVICE_FAMILY = "1,2";
				TEST_HOST = "$(BUILT_PRODUCTS_DIR)/chatgpt-webview.app/$(BUNDLE_EXECUTABLE_FOLDER_PATH)/chatgpt-webview";
			};
			name = Release;
		};
		DE19B6F12B794458003C2096 /* Debug */ = {
			isa = XCBuildConfiguration;
			buildSettings = {
				ALWAYS_EMBED_SWIFT_STANDARD_LIBRARIES = YES;
				CODE_SIGN_STYLE = Automatic;
				CURRENT_PROJECT_VERSION = 1;
				DEVELOPMENT_TEAM = CUMX887ZR2;
				GENERATE_INFOPLIST_FILE = YES;
				IPHONEOS_DEPLOYMENT_TARGET = 17.2;
				MACOSX_DEPLOYMENT_TARGET = 14.2;
				MARKETING_VERSION = 1.0;
				PRODUCT_BUNDLE_IDENTIFIER = "laamile.chatgpt-webviewUITests";
				PRODUCT_NAME = "$(TARGET_NAME)";
				SDKROOT = auto;
				SUPPORTED_PLATFORMS = "iphoneos iphonesimulator macosx";
				SWIFT_EMIT_LOC_STRINGS = NO;
				SWIFT_VERSION = 5.0;
				TARGETED_DEVICE_FAMILY = "1,2";
				TEST_TARGET_NAME = "chatgpt-webview";
			};
			name = Debug;
		};
		DE19B6F22B794458003C2096 /* Release */ = {
			isa = XCBuildConfiguration;
			buildSettings = {
				ALWAYS_EMBED_SWIFT_STANDARD_LIBRARIES = YES;
				CODE_SIGN_STYLE = Automatic;
				CURRENT_PROJECT_VERSION = 1;
				DEVELOPMENT_TEAM = CUMX887ZR2;
				GENERATE_INFOPLIST_FILE = YES;
				IPHONEOS_DEPLOYMENT_TARGET = 17.2;
				MACOSX_DEPLOYMENT_TARGET = 14.2;
				MARKETING_VERSION = 1.0;
				PRODUCT_BUNDLE_IDENTIFIER = "laamile.chatgpt-webviewUITests";
				PRODUCT_NAME = "$(TARGET_NAME)";
				SDKROOT = auto;
				SUPPORTED_PLATFORMS = "iphoneos iphonesimulator macosx";
				SWIFT_EMIT_LOC_STRINGS = NO;
				SWIFT_VERSION = 5.0;
				TARGETED_DEVICE_FAMILY = "1,2";
				TEST_TARGET_NAME = "chatgpt-webview";
			};
			name = Release;
		};
/* End XCBuildConfiguration section */

/* Begin XCConfigurationList section */
		DE19B6C02B794457003C2096 /* Build configuration list for PBXProject "chatgpt-webview" */ = {
			isa = XCConfigurationList;
			buildConfigurations = (
				DE19B6E82B794458003C2096 /* Debug */,
				DE19B6E92B794458003C2096 /* Release */,
			);
			defaultConfigurationIsVisible = 0;
			defaultConfigurationName = Release;
		};
		DE19B6EA2B794458003C2096 /* Build configuration list for PBXNativeTarget "chatgpt-webview" */ = {
			isa = XCConfigurationList;
			buildConfigurations = (
				DE19B6EB2B794458003C2096 /* Debug */,
				DE19B6EC2B794458003C2096 /* Release */,
			);
			defaultConfigurationIsVisible = 0;
			defaultConfigurationName = Release;
		};
		DE19B6ED2B794458003C2096 /* Build configuration list for PBXNativeTarget "chatgpt-webviewTests" */ = {
			isa = XCConfigurationList;
			buildConfigurations = (
				DE19B6EE2B794458003C2096 /* Debug */,
				DE19B6EF2B794458003C2096 /* Release */,
			);
			defaultConfigurationIsVisible = 0;
			defaultConfigurationName = Release;
		};
		DE19B6F02B794458003C2096 /* Build configuration list for PBXNativeTarget "chatgpt-webviewUITests" */ = {
			isa = XCConfigurationList;
			buildConfigurations = (
				DE19B6F12B794458003C2096 /* Debug */,
				DE19B6F22B794458003C2096 /* Release */,
			);
			defaultConfigurationIsVisible = 0;
			defaultConfigurationName = Release;
		};
/* End XCConfigurationList section */
	};
	rootObject = DE19B6BD2B794457003C2096 /* Project object */;
}
